
Microsoft Visual Studio Solution File, Format Version 12.00
# Visual Studio 15
VisualStudioVersion = 15.0.28307.1500
MinimumVisualStudioVersion = 10.0.40219.1
Project("{FAE04EC0-301F-11D3-BF4B-00C04F79EFBC}") = "B22", "B22\B22.csproj", "{F9C39968-9A25-41A5-A021-C3AC7D4DDECD}"
EndProject
Global
	GlobalSection(SolutionConfigurationPlatforms) = preSolution
		Debug|Any CPU = Debug|Any CPU
		Release|Any CPU = Release|Any CPU
	EndGlobalSection
	GlobalSection(ProjectConfigurationPlatforms) = postSolution
		{F9C39968-9A25-41A5-A021-C3AC7D4DDECD}.Debug|Any CPU.ActiveCfg = Debug|Any CPU
		{F9C39968-9A25-41A5-A021-C3AC7D4DDECD}.Debug|Any CPU.Build.0 = Debug|Any CPU
		{F9C39968-9A25-41A5-A021-C3AC7D4DDECD}.Release|Any CPU.ActiveCfg = Release|Any CPU
		{F9C39968-9A25-41A5-A021-C3AC7D4DDECD}.Release|Any CPU.Build.0 = Release|Any CPU
	EndGlobalSection
	GlobalSection(SolutionProperties) = preSolution
		HideSolutionNode = FALSE
	EndGlobalSection
	GlobalSection(ExtensibilityGlobals) = postSolution
		SolutionGuid = {381DC505-2A8C-4435-8610-A509A005D155}
	EndGlobalSection
EndGlobal
