
Microsoft Visual Studio Solution File, Format Version 12.00
# Visual Studio 15
VisualStudioVersion = 15.0.28307.1500
MinimumVisualStudioVersion = 10.0.40219.1
Project("{FAE04EC0-301F-11D3-BF4B-00C04F79EFBC}") = "Bai6", "Bai6\Bai6.csproj", "{5208148F-6253-4D17-A001-9368D4EA993F}"
EndProject
Global
	GlobalSection(SolutionConfigurationPlatforms) = preSolution
		Debug|Any CPU = Debug|Any CPU
		Release|Any CPU = Release|Any CPU
	EndGlobalSection
	GlobalSection(ProjectConfigurationPlatforms) = postSolution
		{5208148F-6253-4D17-A001-9368D4EA993F}.Debug|Any CPU.ActiveCfg = Debug|Any CPU
		{5208148F-6253-4D17-A001-9368D4EA993F}.Debug|Any CPU.Build.0 = Debug|Any CPU
		{5208148F-6253-4D17-A001-9368D4EA993F}.Release|Any CPU.ActiveCfg = Release|Any CPU
		{5208148F-6253-4D17-A001-9368D4EA993F}.Release|Any CPU.Build.0 = Release|Any CPU
	EndGlobalSection
	GlobalSection(SolutionProperties) = preSolution
		HideSolutionNode = FALSE
	EndGlobalSection
	GlobalSection(ExtensibilityGlobals) = postSolution
		SolutionGuid = {6DF1FD37-A1D8-462E-927A-BA89C7E45F31}
	EndGlobalSection
EndGlobal
